
Microsoft Visual Studio Solution File, Format Version 12.00
# Visual Studio Version 17
VisualStudioVersion = 17.12.35527.113 d17.12
MinimumVisualStudioVersion = 10.0.40219.1
Project("{FAE04EC0-301F-11D3-BF4B-00C04F79EFBC}") = "Backend", "Gumisho.Server\Backend.csproj", "{4D9A85F2-EA43-4BAD-BD20-491F5DD67170}"
EndProject
Project("{54A90642-561A-4BB1-A94E-469ADEE60C69}") = "VUE", "gumisho.client\VUE.esproj", "{F86DBC17-6951-419F-BBBF-7296521F1601}"
EndProject
Global
	GlobalSection(SolutionConfigurationPlatforms) = preSolution
		Debug|Any CPU = Debug|Any CPU
		Release|Any CPU = Release|Any CPU
	EndGlobalSection
	GlobalSection(ProjectConfigurationPlatforms) = postSolution
		{4D9A85F2-EA43-4BAD-BD20-491F5DD67170}.Debug|Any CPU.ActiveCfg = Debug|Any CPU
		{4D9A85F2-EA43-4BAD-BD20-491F5DD67170}.Debug|Any CPU.Build.0 = Debug|Any CPU
		{4D9A85F2-EA43-4BAD-BD20-491F5DD67170}.Release|Any CPU.ActiveCfg = Release|Any CPU
		{4D9A85F2-EA43-4BAD-BD20-491F5DD67170}.Release|Any CPU.Build.0 = Release|Any CPU
		{F86DBC17-6951-419F-BBBF-7296521F1601}.Debug|Any CPU.ActiveCfg = Debug|Any CPU
		{F86DBC17-6951-419F-BBBF-7296521F1601}.Debug|Any CPU.Build.0 = Debug|Any CPU
		{F86DBC17-6951-419F-BBBF-7296521F1601}.Debug|Any CPU.Deploy.0 = Debug|Any CPU
		{F86DBC17-6951-419F-BBBF-7296521F1601}.Release|Any CPU.ActiveCfg = Release|Any CPU
		{F86DBC17-6951-419F-BBBF-7296521F1601}.Release|Any CPU.Build.0 = Release|Any CPU
		{F86DBC17-6951-419F-BBBF-7296521F1601}.Release|Any CPU.Deploy.0 = Release|Any CPU
	EndGlobalSection
	GlobalSection(SolutionProperties) = preSolution
		HideSolutionNode = FALSE
	EndGlobalSection
EndGlobal
